
Microsoft Visual Studio Solution File, Format Version 12.00
# Visual Studio Version 16
VisualStudioVersion = 16.0.30804.86
MinimumVisualStudioVersion = 10.0.40219.1
Project("{9A19103F-16F7-4668-BE54-9A1E7A4F7556}") = "katalogos", "katalogos\katalogos.csproj", "{405F56AA-1677-4899-98B2-3F4209F6A6F9}"
EndProject
Project("{2150E333-8FDC-42A3-9474-1A3956D46DE8}") = "Solution Items", "Solution Items", "{2A1350E7-FFA8-4549-A93B-4C0C3E6A7958}"
	ProjectSection(SolutionItems) = preProject
		BUILD.md = BUILD.md
	EndProjectSection
EndProject
Global
	GlobalSection(SolutionConfigurationPlatforms) = preSolution
		Debug|Any CPU = Debug|Any CPU
		Release|Any CPU = Release|Any CPU
	EndGlobalSection
	GlobalSection(ProjectConfigurationPlatforms) = postSolution
		{405F56AA-1677-4899-98B2-3F4209F6A6F9}.Debug|Any CPU.ActiveCfg = Debug|Any CPU
		{405F56AA-1677-4899-98B2-3F4209F6A6F9}.Debug|Any CPU.Build.0 = Debug|Any CPU
		{405F56AA-1677-4899-98B2-3F4209F6A6F9}.Release|Any CPU.ActiveCfg = Release|Any CPU
		{405F56AA-1677-4899-98B2-3F4209F6A6F9}.Release|Any CPU.Build.0 = Release|Any CPU
	EndGlobalSection
	GlobalSection(SolutionProperties) = preSolution
		HideSolutionNode = FALSE
	EndGlobalSection
	GlobalSection(ExtensibilityGlobals) = postSolution
		SolutionGuid = {CECE8056-650D-4842-B85B-051E7B547ADA}
	EndGlobalSection
EndGlobal
