
Microsoft Visual Studio Solution File, Format Version 12.00
# Visual Studio 15
VisualStudioVersion = 15.0.28307.421
MinimumVisualStudioVersion = 10.0.40219.1
Project("{FAE04EC0-301F-11D3-BF4B-00C04F79EFBC}") = "katalogos", "katalogos\katalogos.csproj", "{405F56AA-1677-4899-98B2-3F4209F6A6F9}"
EndProject
Global
	GlobalSection(SolutionConfigurationPlatforms) = preSolution
		Debug|Any CPU = Debug|Any CPU
		Release|Any CPU = Release|Any CPU
	EndGlobalSection
	GlobalSection(ProjectConfigurationPlatforms) = postSolution
		{405F56AA-1677-4899-98B2-3F4209F6A6F9}.Debug|Any CPU.ActiveCfg = Debug|Any CPU
		{405F56AA-1677-4899-98B2-3F4209F6A6F9}.Debug|Any CPU.Build.0 = Debug|Any CPU
		{405F56AA-1677-4899-98B2-3F4209F6A6F9}.Release|Any CPU.ActiveCfg = Release|Any CPU
		{405F56AA-1677-4899-98B2-3F4209F6A6F9}.Release|Any CPU.Build.0 = Release|Any CPU
	EndGlobalSection
	GlobalSection(SolutionProperties) = preSolution
		HideSolutionNode = FALSE
	EndGlobalSection
	GlobalSection(ExtensibilityGlobals) = postSolution
		SolutionGuid = {CECE8056-650D-4842-B85B-051E7B547ADA}
	EndGlobalSection
EndGlobal
